
Microsoft Visual Studio Solution File, Format Version 12.00
# Visual Studio Version 17
VisualStudioVersion = 17.0.32112.339
MinimumVisualStudioVersion = 10.0.40219.1
Project("{FAE04EC0-301F-11D3-BF4B-00C04F79EFBC}") = "PortalGateway", "PortalGateway\PortalGateway.csproj", "{A03C64F3-F08D-45A2-95A1-E3A0E0146417}"
EndProject
Project("{FAE04EC0-301F-11D3-BF4B-00C04F79EFBC}") = "PortalGateway.Log", "PortalGateway.Log\PortalGateway.Log.csproj", "{0B97E1DB-21BA-42B8-B513-B79C03444ADB}"
EndProject
Project("{FAE04EC0-301F-11D3-BF4B-00C04F79EFBC}") = "PortalGateway.Security", "PortalGateway.Security\PortalGateway.Security.csproj", "{F954841B-1E08-4326-9D11-907383455D3B}"
EndProject
Project("{FAE04EC0-301F-11D3-BF4B-00C04F79EFBC}") = "PortalGateway.Utility", "PortalGateway.Utility\PortalGateway.Utility.csproj", "{ED80F385-A1B4-4640-AFE9-3087A13DD1CA}"
EndProject
Global
	GlobalSection(SolutionConfigurationPlatforms) = preSolution
		Debug|Any CPU = Debug|Any CPU
		Release|Any CPU = Release|Any CPU
	EndGlobalSection
	GlobalSection(ProjectConfigurationPlatforms) = postSolution
		{A03C64F3-F08D-45A2-95A1-E3A0E0146417}.Debug|Any CPU.ActiveCfg = Debug|Any CPU
		{A03C64F3-F08D-45A2-95A1-E3A0E0146417}.Debug|Any CPU.Build.0 = Debug|Any CPU
		{A03C64F3-F08D-45A2-95A1-E3A0E0146417}.Release|Any CPU.ActiveCfg = Release|Any CPU
		{A03C64F3-F08D-45A2-95A1-E3A0E0146417}.Release|Any CPU.Build.0 = Release|Any CPU
		{0B97E1DB-21BA-42B8-B513-B79C03444ADB}.Debug|Any CPU.ActiveCfg = Debug|Any CPU
		{0B97E1DB-21BA-42B8-B513-B79C03444ADB}.Debug|Any CPU.Build.0 = Debug|Any CPU
		{0B97E1DB-21BA-42B8-B513-B79C03444ADB}.Release|Any CPU.ActiveCfg = Release|Any CPU
		{0B97E1DB-21BA-42B8-B513-B79C03444ADB}.Release|Any CPU.Build.0 = Release|Any CPU
		{F954841B-1E08-4326-9D11-907383455D3B}.Debug|Any CPU.ActiveCfg = Debug|Any CPU
		{F954841B-1E08-4326-9D11-907383455D3B}.Debug|Any CPU.Build.0 = Debug|Any CPU
		{F954841B-1E08-4326-9D11-907383455D3B}.Release|Any CPU.ActiveCfg = Release|Any CPU
		{F954841B-1E08-4326-9D11-907383455D3B}.Release|Any CPU.Build.0 = Release|Any CPU
		{ED80F385-A1B4-4640-AFE9-3087A13DD1CA}.Debug|Any CPU.ActiveCfg = Debug|Any CPU
		{ED80F385-A1B4-4640-AFE9-3087A13DD1CA}.Debug|Any CPU.Build.0 = Debug|Any CPU
		{ED80F385-A1B4-4640-AFE9-3087A13DD1CA}.Release|Any CPU.ActiveCfg = Release|Any CPU
		{ED80F385-A1B4-4640-AFE9-3087A13DD1CA}.Release|Any CPU.Build.0 = Release|Any CPU
	EndGlobalSection
	GlobalSection(SolutionProperties) = preSolution
		HideSolutionNode = FALSE
	EndGlobalSection
	GlobalSection(ExtensibilityGlobals) = postSolution
		SolutionGuid = {3D3BCF54-6FDA-4F37-8163-EC763A0668CD}
	EndGlobalSection
EndGlobal
