
Microsoft Visual Studio Solution File, Format Version 12.00
# Visual Studio Version 17
VisualStudioVersion = 17.0.32112.339
MinimumVisualStudioVersion = 10.0.40219.1
Project("{FAE04EC0-301F-11D3-BF4B-00C04F79EFBC}") = "PortalGatewayModule", "PortalGatewayModule\PortalGatewayModule.csproj", "{DFEB10BA-BF08-432F-9265-80F575F3AC67}"
EndProject
Project("{FAE04EC0-301F-11D3-BF4B-00C04F79EFBC}") = "PortalGatewayModule.Log", "PortalGatewayModule.Log\PortalGatewayModule.Log.csproj", "{640FEBB4-1B08-432A-97A0-D04515C3E5F5}"
EndProject
Project("{FAE04EC0-301F-11D3-BF4B-00C04F79EFBC}") = "PortalGatewayModule.Utility", "PortalGatewayModule.Utility\PortalGatewayModule.Utility.csproj", "{C746A243-3183-44DA-B9E6-84F83BEEC7D5}"
EndProject
Project("{2150E333-8FDC-42A3-9474-1A3956D46DE8}") = "Solution Items", "Solution Items", "{D6A06341-E23C-4C0F-842A-46401CB07024}"
	ProjectSection(SolutionItems) = preProject
		Documents\Developing IIS 7.0 Modules and Handlers with the .NET Framework.pdf = Documents\Developing IIS 7.0 Modules and Handlers with the .NET Framework.pdf
	EndProjectSection
EndProject
Global
	GlobalSection(SolutionConfigurationPlatforms) = preSolution
		Debug|Any CPU = Debug|Any CPU
		Release|Any CPU = Release|Any CPU
	EndGlobalSection
	GlobalSection(ProjectConfigurationPlatforms) = postSolution
		{DFEB10BA-BF08-432F-9265-80F575F3AC67}.Debug|Any CPU.ActiveCfg = Debug|Any CPU
		{DFEB10BA-BF08-432F-9265-80F575F3AC67}.Debug|Any CPU.Build.0 = Debug|Any CPU
		{DFEB10BA-BF08-432F-9265-80F575F3AC67}.Release|Any CPU.ActiveCfg = Release|Any CPU
		{DFEB10BA-BF08-432F-9265-80F575F3AC67}.Release|Any CPU.Build.0 = Release|Any CPU
		{640FEBB4-1B08-432A-97A0-D04515C3E5F5}.Debug|Any CPU.ActiveCfg = Debug|Any CPU
		{640FEBB4-1B08-432A-97A0-D04515C3E5F5}.Debug|Any CPU.Build.0 = Debug|Any CPU
		{640FEBB4-1B08-432A-97A0-D04515C3E5F5}.Release|Any CPU.ActiveCfg = Release|Any CPU
		{640FEBB4-1B08-432A-97A0-D04515C3E5F5}.Release|Any CPU.Build.0 = Release|Any CPU
		{C746A243-3183-44DA-B9E6-84F83BEEC7D5}.Debug|Any CPU.ActiveCfg = Debug|Any CPU
		{C746A243-3183-44DA-B9E6-84F83BEEC7D5}.Debug|Any CPU.Build.0 = Debug|Any CPU
		{C746A243-3183-44DA-B9E6-84F83BEEC7D5}.Release|Any CPU.ActiveCfg = Release|Any CPU
		{C746A243-3183-44DA-B9E6-84F83BEEC7D5}.Release|Any CPU.Build.0 = Release|Any CPU
	EndGlobalSection
	GlobalSection(SolutionProperties) = preSolution
		HideSolutionNode = FALSE
	EndGlobalSection
	GlobalSection(ExtensibilityGlobals) = postSolution
		SolutionGuid = {DA7E7231-9AC0-4052-AAF0-7F89E54E1DAD}
	EndGlobalSection
EndGlobal
